# This file is automatically @generated by Cargo.
# It is not intended for manual editing.
version = 4

[[package]]
name = "bus-capi"
version = "2026.10.6+5"
dependencies = [
 "bus-core",
 "ground-capi",
 "shell-capi",
]

[[package]]
name = "bus-core"
version = "2026.10.6+5"
dependencies = [
 "ni-testkit",
]

[[package]]
name = "ground-capi"
version = "2026.10.6+5"
dependencies = [
 "ground-core",
]

[[package]]
name = "ground-core"
version = "2026.10.6+5"
dependencies = [
 "ni-testkit",
]

[[package]]
name = "ni-dsp"
version = "2026.10.6+5"

[[package]]
name = "ni-schwung"
version = "2026.10.6+5"
dependencies = [
 "ni-dsp",
]

[[package]]
name = "ni-testkit"
version = "2026.10.6+5"

[[package]]
name = "sc-capi"
version = "2026.10.6+5"
dependencies = [
 "ground-capi",
 "ni-dsp",
 "sc-core",
 "shell-core",
]

[[package]]
name = "sc-core"
version = "2026.10.6+5"
dependencies = [
 "ni-dsp",
 "ni-testkit",
 "wmidi",
]

[[package]]
name = "sc-move"
version = "2026.10.6+5"
dependencies = [
 "ni-schwung",
 "sc-capi",
 "sc-core",
]

[[package]]
name = "shell-capi"
version = "2026.10.6+5"
dependencies = [
 "shell-core",
]

[[package]]
name = "shell-core"
version = "2026.10.6+5"
dependencies = [
 "ni-testkit",
]

[[package]]
name = "spectro-capi"
version = "2026.10.6+5"
dependencies = [
 "ground-capi",
 "shell-capi",
 "spectro-core",
 "spectro-recv",
]

[[package]]
name = "spectro-core"
version = "2026.10.6+5"
dependencies = [
 "ni-testkit",
]

[[package]]
name = "spectro-recv"
version = "2026.10.6+5"
dependencies = [
 "bus-core",
 "ni-testkit",
 "spectro-core",
]

[[package]]
name = "tg-capi"
version = "2026.10.6+5"
dependencies = [
 "ground-capi",
 "ni-dsp",
 "shell-core",
 "tg-core",
]

[[package]]
name = "tg-core"
version = "2026.10.6+5"
dependencies = [
 "ni-dsp",
 "ni-testkit",
]

[[package]]
name = "tg-move"
version = "2026.10.6+5"
dependencies = [
 "ni-schwung",
 "tg-capi",
 "tg-core",
]

[[package]]
name = "wmidi"
version = "4.0.11"
source = "registry+https://github.com/rust-lang/crates.io-index"
checksum = "2b1b1e28ac6301b1c097d21c11130090f7ecc5db9d5ef4e52595ab942f8d76d5"
